{
  "name": "wdp-mid-project-anggit",
  "lockfileVersion": 2,
  "requires": true,
  "packages": {
    "": {
      "dependencies": {
        "tailwind-hamburgers": "^1.1.1"
      }
    },
    "node_modules/tailwind-hamburgers": {
      "version": "1.1.1",
      "resolved": "https://registry.npmjs.org/tailwind-hamburgers/-/tailwind-hamburgers-1.1.1.tgz",
      "integrity": "sha512-0w7oyswgVn85NsLjo6uECLH7r8D3jvKQGSSH9h0KqKmJgToyiuvQaYkEDMtDlQ46PX4XbtopYiilfwMXSZIsbA=="
    }
  },
  "dependencies": {
    "tailwind-hamburgers": {
      "version": "1.1.1",
      "resolved": "https://registry.npmjs.org/tailwind-hamburgers/-/tailwind-hamburgers-1.1.1.tgz",
      "integrity": "sha512-0w7oyswgVn85NsLjo6uECLH7r8D3jvKQGSSH9h0KqKmJgToyiuvQaYkEDMtDlQ46PX4XbtopYiilfwMXSZIsbA=="
    }
  }
}
